
Microsoft Visual Studio Solution File, Format Version 12.00
# Visual Studio Version 16
VisualStudioVersion = 16.0.30717.126
MinimumVisualStudioVersion = 10.0.40219.1
Project("{FAE04EC0-301F-11D3-BF4B-00C04F79EFBC}") = "ErrorLogger", "ErrorLogger\ErrorLogger.csproj", "{CE3DB0A9-2FB3-478B-8EEF-B3C7ED0E6AB9}"
EndProject
Global
	GlobalSection(SolutionConfigurationPlatforms) = preSolution
		Debug|Any CPU = Debug|Any CPU
		Release|Any CPU = Release|Any CPU
	EndGlobalSection
	GlobalSection(ProjectConfigurationPlatforms) = postSolution
		{CE3DB0A9-2FB3-478B-8EEF-B3C7ED0E6AB9}.Debug|Any CPU.ActiveCfg = Debug|Any CPU
		{CE3DB0A9-2FB3-478B-8EEF-B3C7ED0E6AB9}.Debug|Any CPU.Build.0 = Debug|Any CPU
		{CE3DB0A9-2FB3-478B-8EEF-B3C7ED0E6AB9}.Release|Any CPU.ActiveCfg = Release|Any CPU
		{CE3DB0A9-2FB3-478B-8EEF-B3C7ED0E6AB9}.Release|Any CPU.Build.0 = Release|Any CPU
	EndGlobalSection
	GlobalSection(SolutionProperties) = preSolution
		HideSolutionNode = FALSE
	EndGlobalSection
	GlobalSection(ExtensibilityGlobals) = postSolution
		SolutionGuid = {61F98059-AD37-4540-9531-9A2B8AED6707}
	EndGlobalSection
EndGlobal
